
Microsoft Visual Studio Solution File, Format Version 12.00
# Visual Studio Version 17
VisualStudioVersion = 17.6.33723.286
MinimumVisualStudioVersion = 10.0.40219.1
Project("{FAE04EC0-301F-11D3-BF4B-00C04F79EFBC}") = "EventPlaning.Web", "EventPlaning.Web\EventPlaning.Web.csproj", "{65AEECE8-BB0F-4FD5-8AEC-EBA9B6134899}"
EndProject
Project("{FAE04EC0-301F-11D3-BF4B-00C04F79EFBC}") = "EventPlaning.Domain", "EventPlaning.Domain\EventPlaning.Domain.csproj", "{5B0A9DB4-295B-4E91-9A6A-1EE02297FAAB}"
EndProject
Project("{FAE04EC0-301F-11D3-BF4B-00C04F79EFBC}") = "EventPlaning.DataAccess", "EventPlaning.DataAccess\EventPlaning.DataAccess.csproj", "{9ACBA93C-55B6-41A7-995C-6AF1642B00E2}"
EndProject
Project("{FAE04EC0-301F-11D3-BF4B-00C04F79EFBC}") = "EventPlaning.BusinessLogic", "EventPlaning.BusinessLogic\EventPlaning.BusinessLogic.csproj", "{A4C9CABF-FC82-4CFD-9809-D3D8AE1E57B5}"
EndProject
Project("{FAE04EC0-301F-11D3-BF4B-00C04F79EFBC}") = "EventPlaning.ViewModels", "EventPlaning.ViewModels\EventPlaning.ViewModels.csproj", "{327C5F35-DE55-456E-91CD-F589CF020705}"
EndProject
Global
	GlobalSection(SolutionConfigurationPlatforms) = preSolution
		Debug|Any CPU = Debug|Any CPU
		Release|Any CPU = Release|Any CPU
	EndGlobalSection
	GlobalSection(ProjectConfigurationPlatforms) = postSolution
		{65AEECE8-BB0F-4FD5-8AEC-EBA9B6134899}.Debug|Any CPU.ActiveCfg = Debug|Any CPU
		{65AEECE8-BB0F-4FD5-8AEC-EBA9B6134899}.Debug|Any CPU.Build.0 = Debug|Any CPU
		{65AEECE8-BB0F-4FD5-8AEC-EBA9B6134899}.Release|Any CPU.ActiveCfg = Release|Any CPU
		{65AEECE8-BB0F-4FD5-8AEC-EBA9B6134899}.Release|Any CPU.Build.0 = Release|Any CPU
		{5B0A9DB4-295B-4E91-9A6A-1EE02297FAAB}.Debug|Any CPU.ActiveCfg = Debug|Any CPU
		{5B0A9DB4-295B-4E91-9A6A-1EE02297FAAB}.Debug|Any CPU.Build.0 = Debug|Any CPU
		{5B0A9DB4-295B-4E91-9A6A-1EE02297FAAB}.Release|Any CPU.ActiveCfg = Release|Any CPU
		{5B0A9DB4-295B-4E91-9A6A-1EE02297FAAB}.Release|Any CPU.Build.0 = Release|Any CPU
		{9ACBA93C-55B6-41A7-995C-6AF1642B00E2}.Debug|Any CPU.ActiveCfg = Debug|Any CPU
		{9ACBA93C-55B6-41A7-995C-6AF1642B00E2}.Debug|Any CPU.Build.0 = Debug|Any CPU
		{9ACBA93C-55B6-41A7-995C-6AF1642B00E2}.Release|Any CPU.ActiveCfg = Release|Any CPU
		{9ACBA93C-55B6-41A7-995C-6AF1642B00E2}.Release|Any CPU.Build.0 = Release|Any CPU
		{A4C9CABF-FC82-4CFD-9809-D3D8AE1E57B5}.Debug|Any CPU.ActiveCfg = Debug|Any CPU
		{A4C9CABF-FC82-4CFD-9809-D3D8AE1E57B5}.Debug|Any CPU.Build.0 = Debug|Any CPU
		{A4C9CABF-FC82-4CFD-9809-D3D8AE1E57B5}.Release|Any CPU.ActiveCfg = Release|Any CPU
		{A4C9CABF-FC82-4CFD-9809-D3D8AE1E57B5}.Release|Any CPU.Build.0 = Release|Any CPU
		{327C5F35-DE55-456E-91CD-F589CF020705}.Debug|Any CPU.ActiveCfg = Debug|Any CPU
		{327C5F35-DE55-456E-91CD-F589CF020705}.Debug|Any CPU.Build.0 = Debug|Any CPU
		{327C5F35-DE55-456E-91CD-F589CF020705}.Release|Any CPU.ActiveCfg = Release|Any CPU
		{327C5F35-DE55-456E-91CD-F589CF020705}.Release|Any CPU.Build.0 = Release|Any CPU
	EndGlobalSection
	GlobalSection(SolutionProperties) = preSolution
		HideSolutionNode = FALSE
	EndGlobalSection
	GlobalSection(ExtensibilityGlobals) = postSolution
		SolutionGuid = {793B38D4-EA9D-4600-8D12-1A465C9B1489}
	EndGlobalSection
EndGlobal
