
Microsoft Visual Studio Solution File, Format Version 12.00
# Visual Studio Version 17
VisualStudioVersion = 17.6.33723.286
MinimumVisualStudioVersion = 10.0.40219.1
Project("{9A19103F-16F7-4668-BE54-9A1E7A4F7556}") = "EventPlanning.Web", "EventPlaning.Web\EventPlanning.Web.csproj", "{65AEECE8-BB0F-4FD5-8AEC-EBA9B6134899}"
EndProject
Project("{9A19103F-16F7-4668-BE54-9A1E7A4F7556}") = "EventPlanning.DataAccess", "EventPlaning.DataAccess\EventPlanning.DataAccess.csproj", "{9ACBA93C-55B6-41A7-995C-6AF1642B00E2}"
EndProject
Project("{9A19103F-16F7-4668-BE54-9A1E7A4F7556}") = "EventPlanning.BusinessLogic", "EventPlaning.BusinessLogic\EventPlanning.BusinessLogic.csproj", "{A4C9CABF-FC82-4CFD-9809-D3D8AE1E57B5}"
EndProject
Project("{9A19103F-16F7-4668-BE54-9A1E7A4F7556}") = "EventPlanning.ViewModels", "EventPlaning.ViewModels\EventPlanning.ViewModels.csproj", "{327C5F35-DE55-456E-91CD-F589CF020705}"
EndProject
Project("{54A90642-561A-4BB1-A94E-469ADEE60C69}") = "eventPlanning.Client", "eventPlanning.Client\eventPlanning.Client.esproj", "{463AF251-5ABC-4CC7-9AB2-A55E4403D06D}"
EndProject
Project("{9A19103F-16F7-4668-BE54-9A1E7A4F7556}") = "EventPlanning.Domain", "EventPlaning.Domain1\EventPlanning.Domain.csproj", "{D67CD315-78DF-4974-8D16-95F1BDC8F662}"
EndProject
Global
	GlobalSection(SolutionConfigurationPlatforms) = preSolution
		Debug|Any CPU = Debug|Any CPU
		Release|Any CPU = Release|Any CPU
	EndGlobalSection
	GlobalSection(ProjectConfigurationPlatforms) = postSolution
		{65AEECE8-BB0F-4FD5-8AEC-EBA9B6134899}.Debug|Any CPU.ActiveCfg = Debug|Any CPU
		{65AEECE8-BB0F-4FD5-8AEC-EBA9B6134899}.Debug|Any CPU.Build.0 = Debug|Any CPU
		{65AEECE8-BB0F-4FD5-8AEC-EBA9B6134899}.Release|Any CPU.ActiveCfg = Release|Any CPU
		{65AEECE8-BB0F-4FD5-8AEC-EBA9B6134899}.Release|Any CPU.Build.0 = Release|Any CPU
		{9ACBA93C-55B6-41A7-995C-6AF1642B00E2}.Debug|Any CPU.ActiveCfg = Debug|Any CPU
		{9ACBA93C-55B6-41A7-995C-6AF1642B00E2}.Debug|Any CPU.Build.0 = Debug|Any CPU
		{9ACBA93C-55B6-41A7-995C-6AF1642B00E2}.Release|Any CPU.ActiveCfg = Release|Any CPU
		{9ACBA93C-55B6-41A7-995C-6AF1642B00E2}.Release|Any CPU.Build.0 = Release|Any CPU
		{A4C9CABF-FC82-4CFD-9809-D3D8AE1E57B5}.Debug|Any CPU.ActiveCfg = Debug|Any CPU
		{A4C9CABF-FC82-4CFD-9809-D3D8AE1E57B5}.Debug|Any CPU.Build.0 = Debug|Any CPU
		{A4C9CABF-FC82-4CFD-9809-D3D8AE1E57B5}.Release|Any CPU.ActiveCfg = Release|Any CPU
		{A4C9CABF-FC82-4CFD-9809-D3D8AE1E57B5}.Release|Any CPU.Build.0 = Release|Any CPU
		{327C5F35-DE55-456E-91CD-F589CF020705}.Debug|Any CPU.ActiveCfg = Debug|Any CPU
		{327C5F35-DE55-456E-91CD-F589CF020705}.Debug|Any CPU.Build.0 = Debug|Any CPU
		{327C5F35-DE55-456E-91CD-F589CF020705}.Release|Any CPU.ActiveCfg = Release|Any CPU
		{327C5F35-DE55-456E-91CD-F589CF020705}.Release|Any CPU.Build.0 = Release|Any CPU
		{463AF251-5ABC-4CC7-9AB2-A55E4403D06D}.Debug|Any CPU.ActiveCfg = Debug|Any CPU
		{463AF251-5ABC-4CC7-9AB2-A55E4403D06D}.Debug|Any CPU.Build.0 = Debug|Any CPU
		{463AF251-5ABC-4CC7-9AB2-A55E4403D06D}.Debug|Any CPU.Deploy.0 = Debug|Any CPU
		{463AF251-5ABC-4CC7-9AB2-A55E4403D06D}.Release|Any CPU.ActiveCfg = Release|Any CPU
		{463AF251-5ABC-4CC7-9AB2-A55E4403D06D}.Release|Any CPU.Build.0 = Release|Any CPU
		{463AF251-5ABC-4CC7-9AB2-A55E4403D06D}.Release|Any CPU.Deploy.0 = Release|Any CPU
		{D67CD315-78DF-4974-8D16-95F1BDC8F662}.Debug|Any CPU.ActiveCfg = Debug|Any CPU
		{D67CD315-78DF-4974-8D16-95F1BDC8F662}.Debug|Any CPU.Build.0 = Debug|Any CPU
		{D67CD315-78DF-4974-8D16-95F1BDC8F662}.Release|Any CPU.ActiveCfg = Release|Any CPU
		{D67CD315-78DF-4974-8D16-95F1BDC8F662}.Release|Any CPU.Build.0 = Release|Any CPU
	EndGlobalSection
	GlobalSection(SolutionProperties) = preSolution
		HideSolutionNode = FALSE
	EndGlobalSection
	GlobalSection(ExtensibilityGlobals) = postSolution
		SolutionGuid = {793B38D4-EA9D-4600-8D12-1A465C9B1489}
	EndGlobalSection
EndGlobal
